{
  "name": "utilities",
  "version": "1.0.0",
  "lockfileVersion": 1,
  "requires": true,
  "dependencies": {
    "easy-pdf-merge": {
      "version": "0.2.3",
      "resolved": "https://registry.npmjs.org/easy-pdf-merge/-/easy-pdf-merge-0.2.3.tgz",
      "integrity": "sha512-gRyENfglM6o2yN52qc963q5sYKwLBAJnMg2h09JnBAzeSnPoxsnDhnHo3yTMeaTa6b6pjZi3GMa76VncTOrDrQ=="
    }
  }
}
